PODS:
  - MultiPlatformLibrary (0.1.0)

DEPENDENCIES:
  - MultiPlatformLibrary (from `../mpp-library`)

EXTERNAL SOURCES:
  MultiPlatformLibrary:
    :path: "../mpp-library"

SPEC CHECKSUMS:
  MultiPlatformLibrary: e1b7a8b29a930c6eb8a9c4d99910c9e57addd334

PODFILE CHECKSUM: 19df4f602e38a6b77d0ef3ff219191c7255247b0

COCOAPODS: 1.14.3
